
Microsoft Visual Studio Solution File, Format Version 12.00
# Visual Studio Version 16
VisualStudioVersion = 16.0.29806.167
MinimumVisualStudioVersion = 10.0.40219.1
Project("{FAE04EC0-301F-11D3-BF4B-00C04F79EFBC}") = "FlightSimulatorApp", "FlightSimulatorApp\FlightSimulatorApp.csproj", "{CE3FDEC7-91CE-4195-85A8-46F14D84FCE6}"
EndProject
Global
	GlobalSection(SolutionConfigurationPlatforms) = preSolution
		Debug|Any CPU = Debug|Any CPU
		Release|Any CPU = Release|Any CPU
	EndGlobalSection
	GlobalSection(ProjectConfigurationPlatforms) = postSolution
		{CE3FDEC7-91CE-4195-85A8-46F14D84FCE6}.Debug|Any CPU.ActiveCfg = Debug|Any CPU
		{CE3FDEC7-91CE-4195-85A8-46F14D84FCE6}.Debug|Any CPU.Build.0 = Debug|Any CPU
		{CE3FDEC7-91CE-4195-85A8-46F14D84FCE6}.Release|Any CPU.ActiveCfg = Release|Any CPU
		{CE3FDEC7-91CE-4195-85A8-46F14D84FCE6}.Release|Any CPU.Build.0 = Release|Any CPU
	EndGlobalSection
	GlobalSection(SolutionProperties) = preSolution
		HideSolutionNode = FALSE
	EndGlobalSection
	GlobalSection(ExtensibilityGlobals) = postSolution
		SolutionGuid = {1B9CFA5E-EFA6-4E1C-9293-F7E4FF900E68}
	EndGlobalSection
EndGlobal
